{
  "name": "plentyentry-commodus-solutions",
  "lockfileVersion": 2,
  "requires": true,
  "packages": {
    "": {
      "dependencies": {
        "@stripe/stripe-js": "^1.29.0"
      }
    },
    "node_modules/@stripe/stripe-js": {
      "version": "1.29.0",
      "resolved": "https://registry.npmjs.org/@stripe/stripe-js/-/stripe-js-1.29.0.tgz",
      "integrity": "sha512-OsUxk0VLlum8E2d6onlEdKuQcvLMs7qTrOXCnl/BGV3fAm65qr6h3e1IZ5AX4lgUlPRrzRcddSOA5DvkKKYLvg=="
    }
  },
  "dependencies": {
    "@stripe/stripe-js": {
      "version": "1.29.0",
      "resolved": "https://registry.npmjs.org/@stripe/stripe-js/-/stripe-js-1.29.0.tgz",
      "integrity": "sha512-OsUxk0VLlum8E2d6onlEdKuQcvLMs7qTrOXCnl/BGV3fAm65qr6h3e1IZ5AX4lgUlPRrzRcddSOA5DvkKKYLvg=="
    }
  }
}
